
Microsoft Visual Studio Solution File, Format Version 12.00
# Visual Studio Version 17
VisualStudioVersion = 17.2.32519.379
MinimumVisualStudioVersion = 10.0.40219.1
Project("{FAE04EC0-301F-11D3-BF4B-00C04F79EFBC}") = "RegularExpressions", "RegularExpressions\RegularExpressions.csproj", "{D7C9645E-57A7-417B-958B-5C9D07619E2A}"
EndProject
Global
	GlobalSection(SolutionConfigurationPlatforms) = preSolution
		Debug|Any CPU = Debug|Any CPU
		Release|Any CPU = Release|Any CPU
	EndGlobalSection
	GlobalSection(ProjectConfigurationPlatforms) = postSolution
		{D7C9645E-57A7-417B-958B-5C9D07619E2A}.Debug|Any CPU.ActiveCfg = Debug|Any CPU
		{D7C9645E-57A7-417B-958B-5C9D07619E2A}.Debug|Any CPU.Build.0 = Debug|Any CPU
		{D7C9645E-57A7-417B-958B-5C9D07619E2A}.Release|Any CPU.ActiveCfg = Release|Any CPU
		{D7C9645E-57A7-417B-958B-5C9D07619E2A}.Release|Any CPU.Build.0 = Release|Any CPU
	EndGlobalSection
	GlobalSection(SolutionProperties) = preSolution
		HideSolutionNode = FALSE
	EndGlobalSection
	GlobalSection(ExtensibilityGlobals) = postSolution
		SolutionGuid = {1BBF8E9C-42A2-46E5-93DA-FDD4DBF1D389}
	EndGlobalSection
EndGlobal
